
Microsoft Visual Studio Solution File, Format Version 11.00
# Visual Studio 2010
Project("{8BC9CEB8-8B4A-11D0-8D11-00A0C91BC942}") = "DefectsViewer", "Shaders\Shaders.vcxproj", "{956808AF-55A6-4FC6-A7D2-075D5EAE00BA}"
EndProject
Project("{930C7802-8A8C-48F9-8165-68863BCCD9DD}") = "DefectsViewerSetup", "DefectsViewerSetup\DefectsViewerSetup.wixproj", "{F95AAA0F-A942-4A9B-B2DD-5968DAAC4B6E}"
	ProjectSection(ProjectDependencies) = postProject
		{956808AF-55A6-4FC6-A7D2-075D5EAE00BA} = {956808AF-55A6-4FC6-A7D2-075D5EAE00BA}
	EndProjectSection
EndProject
Global
	GlobalSection(SolutionConfigurationPlatforms) = preSolution
		Debug|Mixed Platforms = Debug|Mixed Platforms
		Debug|Win32 = Debug|Win32
		Debug|x64 = Debug|x64
		Debug|x86 = Debug|x86
		Release|Mixed Platforms = Release|Mixed Platforms
		Release|Win32 = Release|Win32
		Release|x64 = Release|x64
		Release|x86 = Release|x86
	EndGlobalSection
	GlobalSection(ProjectConfigurationPlatforms) = postSolution
		{956808AF-55A6-4FC6-A7D2-075D5EAE00BA}.Debug|Mixed Platforms.ActiveCfg = Debug|x64
		{956808AF-55A6-4FC6-A7D2-075D5EAE00BA}.Debug|Mixed Platforms.Build.0 = Debug|x64
		{956808AF-55A6-4FC6-A7D2-075D5EAE00BA}.Debug|Win32.ActiveCfg = Debug|Win32
		{956808AF-55A6-4FC6-A7D2-075D5EAE00BA}.Debug|Win32.Build.0 = Debug|Win32
		{956808AF-55A6-4FC6-A7D2-075D5EAE00BA}.Debug|x64.ActiveCfg = Debug|Win32
		{956808AF-55A6-4FC6-A7D2-075D5EAE00BA}.Debug|x64.Build.0 = Debug|Win32
		{956808AF-55A6-4FC6-A7D2-075D5EAE00BA}.Debug|x86.ActiveCfg = Debug|x64
		{956808AF-55A6-4FC6-A7D2-075D5EAE00BA}.Release|Mixed Platforms.ActiveCfg = Release|Win32
		{956808AF-55A6-4FC6-A7D2-075D5EAE00BA}.Release|Mixed Platforms.Build.0 = Release|Win32
		{956808AF-55A6-4FC6-A7D2-075D5EAE00BA}.Release|Win32.ActiveCfg = Release|Win32
		{956808AF-55A6-4FC6-A7D2-075D5EAE00BA}.Release|Win32.Build.0 = Release|Win32
		{956808AF-55A6-4FC6-A7D2-075D5EAE00BA}.Release|x64.ActiveCfg = Release|Win32
		{956808AF-55A6-4FC6-A7D2-075D5EAE00BA}.Release|x64.Build.0 = Release|Win32
		{956808AF-55A6-4FC6-A7D2-075D5EAE00BA}.Release|x86.ActiveCfg = Release|x64
		{F95AAA0F-A942-4A9B-B2DD-5968DAAC4B6E}.Debug|Mixed Platforms.ActiveCfg = Debug|x86
		{F95AAA0F-A942-4A9B-B2DD-5968DAAC4B6E}.Debug|Mixed Platforms.Build.0 = Debug|x86
		{F95AAA0F-A942-4A9B-B2DD-5968DAAC4B6E}.Debug|Win32.ActiveCfg = Debug|x86
		{F95AAA0F-A942-4A9B-B2DD-5968DAAC4B6E}.Debug|x64.ActiveCfg = Debug|x86
		{F95AAA0F-A942-4A9B-B2DD-5968DAAC4B6E}.Debug|x86.ActiveCfg = Debug|x86
		{F95AAA0F-A942-4A9B-B2DD-5968DAAC4B6E}.Debug|x86.Build.0 = Debug|x86
		{F95AAA0F-A942-4A9B-B2DD-5968DAAC4B6E}.Release|Mixed Platforms.ActiveCfg = Release|x86
		{F95AAA0F-A942-4A9B-B2DD-5968DAAC4B6E}.Release|Mixed Platforms.Build.0 = Release|x86
		{F95AAA0F-A942-4A9B-B2DD-5968DAAC4B6E}.Release|Win32.ActiveCfg = Release|x86
		{F95AAA0F-A942-4A9B-B2DD-5968DAAC4B6E}.Release|Win32.Build.0 = Release|x86
		{F95AAA0F-A942-4A9B-B2DD-5968DAAC4B6E}.Release|x64.ActiveCfg = Release|x86
		{F95AAA0F-A942-4A9B-B2DD-5968DAAC4B6E}.Release|x86.ActiveCfg = Release|x86
		{F95AAA0F-A942-4A9B-B2DD-5968DAAC4B6E}.Release|x86.Build.0 = Release|x86
	EndGlobalSection
	GlobalSection(SolutionProperties) = preSolution
		HideSolutionNode = FALSE
	EndGlobalSection
EndGlobal
