<?xml version="1.0" encoding="utf-8"?>
<Project ToolsVersion="4.0" xmlns="http://schemas.microsoft.com/developer/msbuild/2003">
  <ItemGroup>
    <Filter Include="Source Files">
      <UniqueIdentifier>{4FC737F1-C7A5-4376-A066-2A32D752A2FF}</UniqueIdentifier>
      <Extensions>cpp;c;cc;cxx;def;odl;idl;hpj;bat;asm;asmx</Extensions>
    </Filter>
    <Filter Include="Header Files">
      <UniqueIdentifier>{93995380-89BD-4b04-88EB-625FBE52EBFB}</UniqueIdentifier>
      <Extensions>h;hpp;hxx;hm;inl;inc;xsd</Extensions>
    </Filter>
    <Filter Include="Resource Files">
      <UniqueIdentifier>{67DA6AB6-F800-4c08-8B7A-83BB121AAD01}</UniqueIdentifier>
      <Extensions>rc;ico;cur;bmp;dlg;rc2;rct;bin;rgs;gif;jpg;jpeg;jpe;resx;tiff;tif;png;wav;mfcribbon-ms</Extensions>
    </Filter>
    <Filter Include="Header Files\graph">
      <UniqueIdentifier>{a0366125-8803-4f3d-b09a-78dc800b36dc}</UniqueIdentifier>
    </Filter>
    <Filter Include="Header Files\util">
      <UniqueIdentifier>{b1cd6715-cb9e-4fe9-83bd-43a02a763a2b}</UniqueIdentifier>
    </Filter>
    <Filter Include="Source Files\util">
      <UniqueIdentifier>{4e2faa03-0032-4929-a25d-d519471a7046}</UniqueIdentifier>
    </Filter>
    <Filter Include="Source Files\graph">
      <UniqueIdentifier>{12e31229-178e-4785-a907-2a461e9008f3}</UniqueIdentifier>
    </Filter>
  </ItemGroup>
  <ItemGroup>
    <ClCompile Include="RenderScene.cpp">
      <Filter>Source Files</Filter>
    </ClCompile>
    <ClCompile Include="Win_OpenGLApp.cpp">
      <Filter>Source Files</Filter>
    </ClCompile>
    <ClCompile Include="DefectViewer.cpp">
      <Filter>Source Files</Filter>
    </ClCompile>
    <ClCompile Include="Background.cpp">
      <Filter>Source Files\graph</Filter>
    </ClCompile>
    <ClCompile Include="optionsreader.cpp">
      <Filter>Source Files\util</Filter>
    </ClCompile>
    <ClCompile Include="Pointer.cpp">
      <Filter>Source Files\graph</Filter>
    </ClCompile>
    <ClCompile Include="reportreader.cpp">
      <Filter>Source Files\util</Filter>
    </ClCompile>
    <ClCompile Include="Shaders.cpp">
      <Filter>Source Files\graph</Filter>
    </ClCompile>
    <ClCompile Include="StlParser.cpp">
      <Filter>Source Files\util</Filter>
    </ClCompile>
    <ClCompile Include="TextureOpenIL.cpp">
      <Filter>Source Files\graph</Filter>
    </ClCompile>
    <ClCompile Include="Widget.cpp">
      <Filter>Source Files\graph</Filter>
    </ClCompile>
    <ClCompile Include="OpenGLControl.cpp">
      <Filter>Source Files\util</Filter>
    </ClCompile>
  </ItemGroup>
  <ItemGroup>
    <None Include="options.xml" />
    <None Include="shader.frag">
      <Filter>Source Files\graph</Filter>
    </None>
    <None Include="shader.vert">
      <Filter>Source Files\graph</Filter>
    </None>
    <None Include="DefectsViewer.ico">
      <Filter>Resource Files</Filter>
    </None>
  </ItemGroup>
  <ItemGroup>
    <ClInclude Include="OpenGLControl.h">
      <Filter>Header Files</Filter>
    </ClInclude>
    <ClInclude Include="Win_OpenGLApp.h">
      <Filter>Header Files</Filter>
    </ClInclude>
    <ClInclude Include="DefectViewer.h">
      <Filter>Header Files</Filter>
    </ClInclude>
    <ClInclude Include="Angel.h">
      <Filter>Header Files\graph</Filter>
    </ClInclude>
    <ClInclude Include="Camera.h">
      <Filter>Header Files\graph</Filter>
    </ClInclude>
    <ClInclude Include="Color.h">
      <Filter>Header Files\graph</Filter>
    </ClInclude>
    <ClInclude Include="GraphObjects.h">
      <Filter>Header Files\graph</Filter>
    </ClInclude>
    <ClInclude Include="mat.h">
      <Filter>Header Files\graph</Filter>
    </ClInclude>
    <ClInclude Include="TextureOpenIL.h">
      <Filter>Header Files\graph</Filter>
    </ClInclude>
    <ClInclude Include="vec.h">
      <Filter>Header Files\graph</Filter>
    </ClInclude>
    <ClInclude Include="CheckError.h">
      <Filter>Header Files\graph</Filter>
    </ClInclude>
    <ClInclude Include="common_header.h">
      <Filter>Header Files\util</Filter>
    </ClInclude>
    <ClInclude Include="Devices.h">
      <Filter>Header Files\util</Filter>
    </ClInclude>
    <ClInclude Include="optionsreader.h">
      <Filter>Header Files\util</Filter>
    </ClInclude>
    <ClInclude Include="reportreader.h">
      <Filter>Header Files\util</Filter>
    </ClInclude>
    <ClInclude Include="utility.h">
      <Filter>Header Files\util</Filter>
    </ClInclude>
    <ClInclude Include="Shaders.h">
      <Filter>Header Files\graph</Filter>
    </ClInclude>
    <ClInclude Include="StlParser.h">
      <Filter>Header Files\util</Filter>
    </ClInclude>
  </ItemGroup>
</Project>